
Microsoft Visual Studio Solution File, Format Version 12.00
# Visual Studio 15
VisualStudioVersion = 15.0.26430.16
MinimumVisualStudioVersion = 10.0.40219.1
Project("{2150E333-8FDC-42A3-9474-1A3956D46DE8}") = "Solution Items", "Solution Items", "{42AA527E-E04F-4C91-AAD0-B7C720270393}"
	ProjectSection(SolutionItems) = preProject
		readme.md = readme.md
	EndProjectSection
EndProject
Project("{FAE04EC0-301F-11D3-BF4B-00C04F79EFBC}") = "001-hello-world", "001-hello-world\001-hello-world.csproj", "{EA30ED1C-E083-4B69-8035-2A95D7927F95}"
EndProject
Project("{FAE04EC0-301F-11D3-BF4B-00C04F79EFBC}") = "002-variables", "002-variables\002-variables.csproj", "{3217A168-FA05-4B5F-8142-FF950A14A097}"
EndProject
Project("{FAE04EC0-301F-11D3-BF4B-00C04F79EFBC}") = "003-arithmetic", "003-arithmetic\003-arithmetic.csproj", "{5AA51A89-873A-4B63-A3DE-AC000E0AE568}"
EndProject
Project("{FAE04EC0-301F-11D3-BF4B-00C04F79EFBC}") = "004-compound-assignment", "004-compound-assignment\004-compound-assignment.csproj", "{6BD57846-C8D9-4B3A-ACA9-EA5FC0DD35B3}"
EndProject
Project("{FAE04EC0-301F-11D3-BF4B-00C04F79EFBC}") = "005-input", "005-input\005-input.csproj", "{615A8204-4501-432E-8B9B-FB40E989D682}"
EndProject
Project("{FAE04EC0-301F-11D3-BF4B-00C04F79EFBC}") = "006-input-conversion", "006-input-conversion\006-input-conversion.csproj", "{1FBAF016-9CA4-4725-BF34-9C928BF8DC0F}"
EndProject
Project("{FAE04EC0-301F-11D3-BF4B-00C04F79EFBC}") = "007-int-float-division", "007-int-float-division\007-int-float-division.csproj", "{81E74A29-0651-40FD-86AE-B7C04FEB7992}"
EndProject
Project("{FAE04EC0-301F-11D3-BF4B-00C04F79EFBC}") = "008-typecasting", "008-typecasting\008-typecasting.csproj", "{60F37119-C818-491A-A413-30AA85DC3ECD}"
EndProject
Project("{FAE04EC0-301F-11D3-BF4B-00C04F79EFBC}") = "009-special-numbers", "009-special-numbers\009-special-numbers.csproj", "{A72D885A-0E34-48B0-9FC5-6B75EB3F0478}"
EndProject
Project("{FAE04EC0-301F-11D3-BF4B-00C04F79EFBC}") = "010-overflow-underflow", "010-overflow-underflow\010-overflow-underflow.csproj", "{920180D5-6116-4FA2-8519-B9ED7CB3F556}"
EndProject
Project("{FAE04EC0-301F-11D3-BF4B-00C04F79EFBC}") = "011-increment-decrement", "011-increment-decrement\011-increment-decrement.csproj", "{C8AAE0C2-3903-45DD-A297-12F37AF72FEC}"
EndProject
Global
	GlobalSection(SolutionConfigurationPlatforms) = preSolution
		Debug|Any CPU = Debug|Any CPU
		Release|Any CPU = Release|Any CPU
	EndGlobalSection
	GlobalSection(ProjectConfigurationPlatforms) = postSolution
		{EA30ED1C-E083-4B69-8035-2A95D7927F95}.Debug|Any CPU.ActiveCfg = Debug|Any CPU
		{EA30ED1C-E083-4B69-8035-2A95D7927F95}.Debug|Any CPU.Build.0 = Debug|Any CPU
		{EA30ED1C-E083-4B69-8035-2A95D7927F95}.Release|Any CPU.ActiveCfg = Release|Any CPU
		{EA30ED1C-E083-4B69-8035-2A95D7927F95}.Release|Any CPU.Build.0 = Release|Any CPU
		{3217A168-FA05-4B5F-8142-FF950A14A097}.Debug|Any CPU.ActiveCfg = Debug|Any CPU
		{3217A168-FA05-4B5F-8142-FF950A14A097}.Debug|Any CPU.Build.0 = Debug|Any CPU
		{3217A168-FA05-4B5F-8142-FF950A14A097}.Release|Any CPU.ActiveCfg = Release|Any CPU
		{3217A168-FA05-4B5F-8142-FF950A14A097}.Release|Any CPU.Build.0 = Release|Any CPU
		{5AA51A89-873A-4B63-A3DE-AC000E0AE568}.Debug|Any CPU.ActiveCfg = Debug|Any CPU
		{5AA51A89-873A-4B63-A3DE-AC000E0AE568}.Debug|Any CPU.Build.0 = Debug|Any CPU
		{5AA51A89-873A-4B63-A3DE-AC000E0AE568}.Release|Any CPU.ActiveCfg = Release|Any CPU
		{5AA51A89-873A-4B63-A3DE-AC000E0AE568}.Release|Any CPU.Build.0 = Release|Any CPU
		{6BD57846-C8D9-4B3A-ACA9-EA5FC0DD35B3}.Debug|Any CPU.ActiveCfg = Debug|Any CPU
		{6BD57846-C8D9-4B3A-ACA9-EA5FC0DD35B3}.Debug|Any CPU.Build.0 = Debug|Any CPU
		{6BD57846-C8D9-4B3A-ACA9-EA5FC0DD35B3}.Release|Any CPU.ActiveCfg = Release|Any CPU
		{6BD57846-C8D9-4B3A-ACA9-EA5FC0DD35B3}.Release|Any CPU.Build.0 = Release|Any CPU
		{615A8204-4501-432E-8B9B-FB40E989D682}.Debug|Any CPU.ActiveCfg = Debug|Any CPU
		{615A8204-4501-432E-8B9B-FB40E989D682}.Debug|Any CPU.Build.0 = Debug|Any CPU
		{615A8204-4501-432E-8B9B-FB40E989D682}.Release|Any CPU.ActiveCfg = Release|Any CPU
		{615A8204-4501-432E-8B9B-FB40E989D682}.Release|Any CPU.Build.0 = Release|Any CPU
		{1FBAF016-9CA4-4725-BF34-9C928BF8DC0F}.Debug|Any CPU.ActiveCfg = Debug|Any CPU
		{1FBAF016-9CA4-4725-BF34-9C928BF8DC0F}.Debug|Any CPU.Build.0 = Debug|Any CPU
		{1FBAF016-9CA4-4725-BF34-9C928BF8DC0F}.Release|Any CPU.ActiveCfg = Release|Any CPU
		{1FBAF016-9CA4-4725-BF34-9C928BF8DC0F}.Release|Any CPU.Build.0 = Release|Any CPU
		{81E74A29-0651-40FD-86AE-B7C04FEB7992}.Debug|Any CPU.ActiveCfg = Debug|Any CPU
		{81E74A29-0651-40FD-86AE-B7C04FEB7992}.Debug|Any CPU.Build.0 = Debug|Any CPU
		{81E74A29-0651-40FD-86AE-B7C04FEB7992}.Release|Any CPU.ActiveCfg = Release|Any CPU
		{81E74A29-0651-40FD-86AE-B7C04FEB7992}.Release|Any CPU.Build.0 = Release|Any CPU
		{60F37119-C818-491A-A413-30AA85DC3ECD}.Debug|Any CPU.ActiveCfg = Debug|Any CPU
		{60F37119-C818-491A-A413-30AA85DC3ECD}.Debug|Any CPU.Build.0 = Debug|Any CPU
		{60F37119-C818-491A-A413-30AA85DC3ECD}.Release|Any CPU.ActiveCfg = Release|Any CPU
		{60F37119-C818-491A-A413-30AA85DC3ECD}.Release|Any CPU.Build.0 = Release|Any CPU
		{A72D885A-0E34-48B0-9FC5-6B75EB3F0478}.Debug|Any CPU.ActiveCfg = Debug|Any CPU
		{A72D885A-0E34-48B0-9FC5-6B75EB3F0478}.Debug|Any CPU.Build.0 = Debug|Any CPU
		{A72D885A-0E34-48B0-9FC5-6B75EB3F0478}.Release|Any CPU.ActiveCfg = Release|Any CPU
		{A72D885A-0E34-48B0-9FC5-6B75EB3F0478}.Release|Any CPU.Build.0 = Release|Any CPU
		{920180D5-6116-4FA2-8519-B9ED7CB3F556}.Debug|Any CPU.ActiveCfg = Debug|Any CPU
		{920180D5-6116-4FA2-8519-B9ED7CB3F556}.Debug|Any CPU.Build.0 = Debug|Any CPU
		{920180D5-6116-4FA2-8519-B9ED7CB3F556}.Release|Any CPU.ActiveCfg = Release|Any CPU
		{920180D5-6116-4FA2-8519-B9ED7CB3F556}.Release|Any CPU.Build.0 = Release|Any CPU
		{C8AAE0C2-3903-45DD-A297-12F37AF72FEC}.Debug|Any CPU.ActiveCfg = Debug|Any CPU
		{C8AAE0C2-3903-45DD-A297-12F37AF72FEC}.Debug|Any CPU.Build.0 = Debug|Any CPU
		{C8AAE0C2-3903-45DD-A297-12F37AF72FEC}.Release|Any CPU.ActiveCfg = Release|Any CPU
		{C8AAE0C2-3903-45DD-A297-12F37AF72FEC}.Release|Any CPU.Build.0 = Release|Any CPU
	EndGlobalSection
	GlobalSection(SolutionProperties) = preSolution
		HideSolutionNode = FALSE
	EndGlobalSection
EndGlobal
