
Microsoft Visual Studio Solution File, Format Version 12.00
# Visual Studio 15
VisualStudioVersion = 15.0.26430.16
MinimumVisualStudioVersion = 10.0.40219.1
Project("{2150E333-8FDC-42A3-9474-1A3956D46DE8}") = "Solution Items", "Solution Items", "{42AA527E-E04F-4C91-AAD0-B7C720270393}"
	ProjectSection(SolutionItems) = preProject
		readme.md = readme.md
	EndProjectSection
EndProject
Project("{FAE04EC0-301F-11D3-BF4B-00C04F79EFBC}") = "001-hello-world", "001-hello-world\001-hello-world.csproj", "{EA30ED1C-E083-4B69-8035-2A95D7927F95}"
EndProject
Project("{FAE04EC0-301F-11D3-BF4B-00C04F79EFBC}") = "002-variables", "002-variables\002-variables.csproj", "{3217A168-FA05-4B5F-8142-FF950A14A097}"
EndProject
Project("{FAE04EC0-301F-11D3-BF4B-00C04F79EFBC}") = "003-arithmetic", "003-arithmetic\003-arithmetic.csproj", "{5AA51A89-873A-4B63-A3DE-AC000E0AE568}"
EndProject
Project("{FAE04EC0-301F-11D3-BF4B-00C04F79EFBC}") = "004-compound-assignment", "004-compound-assignment\004-compound-assignment.csproj", "{6BD57846-C8D9-4B3A-ACA9-EA5FC0DD35B3}"
EndProject
Project("{FAE04EC0-301F-11D3-BF4B-00C04F79EFBC}") = "005-input", "005-input\005-input.csproj", "{615A8204-4501-432E-8B9B-FB40E989D682}"
EndProject
Project("{FAE04EC0-301F-11D3-BF4B-00C04F79EFBC}") = "006-input-conversion", "006-input-conversion\006-input-conversion.csproj", "{1FBAF016-9CA4-4725-BF34-9C928BF8DC0F}"
EndProject
Project("{FAE04EC0-301F-11D3-BF4B-00C04F79EFBC}") = "007-int-float-division", "007-int-float-division\007-int-float-division.csproj", "{81E74A29-0651-40FD-86AE-B7C04FEB7992}"
EndProject
Project("{FAE04EC0-301F-11D3-BF4B-00C04F79EFBC}") = "008-typecasting", "008-typecasting\008-typecasting.csproj", "{60F37119-C818-491A-A413-30AA85DC3ECD}"
EndProject
Project("{FAE04EC0-301F-11D3-BF4B-00C04F79EFBC}") = "009-special-numbers", "009-special-numbers\009-special-numbers.csproj", "{A72D885A-0E34-48B0-9FC5-6B75EB3F0478}"
EndProject
Project("{FAE04EC0-301F-11D3-BF4B-00C04F79EFBC}") = "010-overflow-underflow", "010-overflow-underflow\010-overflow-underflow.csproj", "{920180D5-6116-4FA2-8519-B9ED7CB3F556}"
EndProject
Project("{FAE04EC0-301F-11D3-BF4B-00C04F79EFBC}") = "011-increment-decrement", "011-increment-decrement\011-increment-decrement.csproj", "{C8AAE0C2-3903-45DD-A297-12F37AF72FEC}"
EndProject
Project("{FAE04EC0-301F-11D3-BF4B-00C04F79EFBC}") = "012-if", "012-if\012-if.csproj", "{43E715DE-6748-4949-9BA4-D8EF59493C41}"
EndProject
Project("{FAE04EC0-301F-11D3-BF4B-00C04F79EFBC}") = "013-relational-operators", "013-relational-operators\013-relational-operators.csproj", "{308D43B7-7982-4BF6-9C2D-E9180FE8C4C9}"
EndProject
Project("{FAE04EC0-301F-11D3-BF4B-00C04F79EFBC}") = "014-negation", "014-negation\014-negation.csproj", "{7803CD5B-4039-407F-AB41-656ABC4703B4}"
EndProject
Project("{FAE04EC0-301F-11D3-BF4B-00C04F79EFBC}") = "015-conditional-operators", "015-conditional-operators\015-conditional-operators.csproj", "{A84381B3-92A0-4E63-B4AE-B55CCF1EEBB2}"
EndProject
Project("{FAE04EC0-301F-11D3-BF4B-00C04F79EFBC}") = "016-switch", "016-switch\016-switch.csproj", "{CCFB5834-4D37-47C5-AC21-09C41FB5F210}"
EndProject
Project("{FAE04EC0-301F-11D3-BF4B-00C04F79EFBC}") = "017-while-loop", "017-while-loop\017-while-loop.csproj", "{F6D33DD0-1B47-429D-945D-43495DEB92B1}"
EndProject
Project("{FAE04EC0-301F-11D3-BF4B-00C04F79EFBC}") = "018-do-while-loop", "018-do-while-loop\018-do-while-loop.csproj", "{0F33930B-C68D-42EB-B9BB-BC934CC3FFA1}"
EndProject
Project("{FAE04EC0-301F-11D3-BF4B-00C04F79EFBC}") = "019-for-loop-and-break", "019-for-loop-and-break\019-for-loop-and-break.csproj", "{4C1A9982-4CF7-4FED-B382-7370ACF05510}"
EndProject
Project("{FAE04EC0-301F-11D3-BF4B-00C04F79EFBC}") = "020-loop-nesting", "020-loop-nesting\020-loop-nesting.csproj", "{B7FD25B8-8FC0-4D1C-B353-7D950B51BE8B}"
EndProject
Project("{FAE04EC0-301F-11D3-BF4B-00C04F79EFBC}") = "021-arrays", "021-arrays\021-arrays.csproj", "{A6F1262D-A6B5-42EB-BBAC-C16F88C99D3F}"
EndProject
Project("{FAE04EC0-301F-11D3-BF4B-00C04F79EFBC}") = "022-array-matrix", "022-array-matrix\022-array-matrix.csproj", "{B51A736D-854C-432A-AC6F-A84646D12650}"
EndProject
Project("{FAE04EC0-301F-11D3-BF4B-00C04F79EFBC}") = "023-foreach", "023-foreach\023-foreach.csproj", "{DA4874B6-8040-42EB-9E30-D123AF3CE918}"
EndProject
Project("{FAE04EC0-301F-11D3-BF4B-00C04F79EFBC}") = "024-enumerations", "024-enumerations\024-enumerations.csproj", "{42C80FE4-B321-4F45-8BC0-44494B40BD7B}"
EndProject
Project("{FAE04EC0-301F-11D3-BF4B-00C04F79EFBC}") = "025-method", "025-method\025-method.csproj", "{4AFCC7CA-2D4E-413B-A16F-12CEAEC7ADEE}"
EndProject
Project("{FAE04EC0-301F-11D3-BF4B-00C04F79EFBC}") = "026-overloading", "026-overloading\026-overloading.csproj", "{3A5A0915-CDF6-4B0A-9C66-97014B667D7A}"
EndProject
Project("{FAE04EC0-301F-11D3-BF4B-00C04F79EFBC}") = "027-recursion", "027-recursion\027-recursion.csproj", "{31351D08-6BAD-4F3F-ADBF-E2375B98488B}"
EndProject
Project("{FAE04EC0-301F-11D3-BF4B-00C04F79EFBC}") = "028-class", "028-class\028-class.csproj", "{BBA8AB74-5D1E-4FA9-8E54-B92D7BC24BF0}"
EndProject
Project("{FAE04EC0-301F-11D3-BF4B-00C04F79EFBC}") = "029-properties", "029-properties\029-properties.csproj", "{E2210901-CB22-4CFF-A253-BD9425F4D273}"
EndProject
Project("{FAE04EC0-301F-11D3-BF4B-00C04F79EFBC}") = "030-struct", "030-struct\030-struct.csproj", "{CFBD4080-0CB2-461B-842C-022FDF30F7D0}"
EndProject
Project("{FAE04EC0-301F-11D3-BF4B-00C04F79EFBC}") = "031-inheritance", "031-inheritance\031-inheritance.csproj", "{06448591-FDE6-41B8-9C8C-D6539EBA25AA}"
EndProject
Project("{FAE04EC0-301F-11D3-BF4B-00C04F79EFBC}") = "032-derived-classes-in-arrays", "032-derived-classes-in-arrays\032-derived-classes-in-arrays.csproj", "{0351810F-18D4-4C29-8612-BE496F252FB4}"
EndProject
Project("{FAE04EC0-301F-11D3-BF4B-00C04F79EFBC}") = "033-virtual-method", "033-virtual-method\033-virtual-method.csproj", "{D14768E0-67BC-47FA-A39D-923415956C3C}"
EndProject
Project("{FAE04EC0-301F-11D3-BF4B-00C04F79EFBC}") = "034-base", "034-base\034-base.csproj", "{8CB696ED-EC83-40D8-9A4A-3DA9B691EC77}"
EndProject
Project("{FAE04EC0-301F-11D3-BF4B-00C04F79EFBC}") = "035-abstract-class", "035-abstract-class\035-abstract-class.csproj", "{5032AC12-2525-4398-9381-38632556B57D}"
EndProject
Project("{FAE04EC0-301F-11D3-BF4B-00C04F79EFBC}") = "036-interface", "036-interface\036-interface.csproj", "{2AEFDCCF-E9F7-48AA-A13C-FAE3AFAF7682}"
EndProject
Project("{FAE04EC0-301F-11D3-BF4B-00C04F79EFBC}") = "037-file-write", "037-file-write\037-file-write.csproj", "{4B412600-6E43-45D5-A450-0CC855F59CBD}"
EndProject
Project("{FAE04EC0-301F-11D3-BF4B-00C04F79EFBC}") = "038-file-read", "038-file-read\038-file-read.csproj", "{3EBB282D-6AC1-4BE3-987B-96AE95046C71}"
EndProject
Project("{FAE04EC0-301F-11D3-BF4B-00C04F79EFBC}") = "039-file-stream", "039-file-stream\039-file-stream.csproj", "{661FCCBE-499D-4721-B9D9-C2A3AF08BAFB}"
EndProject
Project("{FAE04EC0-301F-11D3-BF4B-00C04F79EFBC}") = "040-file-binary", "040-file-binary\040-file-binary.csproj", "{632CF941-363D-4918-804B-C18DE667E867}"
EndProject
Project("{FAE04EC0-301F-11D3-BF4B-00C04F79EFBC}") = "041-generic-types-lists", "041-generic-types-lists\041-generic-types-lists.csproj", "{486CF19C-97B4-4FE3-A522-A072172C600C}"
EndProject
Project("{FAE04EC0-301F-11D3-BF4B-00C04F79EFBC}") = "042-generic-types-dictionary", "042-generic-types-dictionary\042-generic-types-dictionary.csproj", "{1B8E0A7F-FB39-406D-9341-4A023744A46E}"
EndProject
Project("{FAE04EC0-301F-11D3-BF4B-00C04F79EFBC}") = "043-creating-generics", "043-creating-generics\043-creating-generics.csproj", "{E72C741F-FEC6-4D58-A634-0E261A9E16A6}"
EndProject
Project("{FAE04EC0-301F-11D3-BF4B-00C04F79EFBC}") = "044-generic-constraints", "044-generic-constraints\044-generic-constraints.csproj", "{221F84A4-70AD-4162-A455-B4176915022E}"
EndProject
Project("{FAE04EC0-301F-11D3-BF4B-00C04F79EFBC}") = "045-try-catch", "045-try-catch\045-try-catch.csproj", "{4874E300-0706-4D16-A56D-2002F547DA15}"
EndProject
Global
	GlobalSection(SolutionConfigurationPlatforms) = preSolution
		Debug|Any CPU = Debug|Any CPU
		Release|Any CPU = Release|Any CPU
	EndGlobalSection
	GlobalSection(ProjectConfigurationPlatforms) = postSolution
		{EA30ED1C-E083-4B69-8035-2A95D7927F95}.Debug|Any CPU.ActiveCfg = Debug|Any CPU
		{EA30ED1C-E083-4B69-8035-2A95D7927F95}.Debug|Any CPU.Build.0 = Debug|Any CPU
		{EA30ED1C-E083-4B69-8035-2A95D7927F95}.Release|Any CPU.ActiveCfg = Release|Any CPU
		{EA30ED1C-E083-4B69-8035-2A95D7927F95}.Release|Any CPU.Build.0 = Release|Any CPU
		{3217A168-FA05-4B5F-8142-FF950A14A097}.Debug|Any CPU.ActiveCfg = Debug|Any CPU
		{3217A168-FA05-4B5F-8142-FF950A14A097}.Debug|Any CPU.Build.0 = Debug|Any CPU
		{3217A168-FA05-4B5F-8142-FF950A14A097}.Release|Any CPU.ActiveCfg = Release|Any CPU
		{3217A168-FA05-4B5F-8142-FF950A14A097}.Release|Any CPU.Build.0 = Release|Any CPU
		{5AA51A89-873A-4B63-A3DE-AC000E0AE568}.Debug|Any CPU.ActiveCfg = Debug|Any CPU
		{5AA51A89-873A-4B63-A3DE-AC000E0AE568}.Debug|Any CPU.Build.0 = Debug|Any CPU
		{5AA51A89-873A-4B63-A3DE-AC000E0AE568}.Release|Any CPU.ActiveCfg = Release|Any CPU
		{5AA51A89-873A-4B63-A3DE-AC000E0AE568}.Release|Any CPU.Build.0 = Release|Any CPU
		{6BD57846-C8D9-4B3A-ACA9-EA5FC0DD35B3}.Debug|Any CPU.ActiveCfg = Debug|Any CPU
		{6BD57846-C8D9-4B3A-ACA9-EA5FC0DD35B3}.Debug|Any CPU.Build.0 = Debug|Any CPU
		{6BD57846-C8D9-4B3A-ACA9-EA5FC0DD35B3}.Release|Any CPU.ActiveCfg = Release|Any CPU
		{6BD57846-C8D9-4B3A-ACA9-EA5FC0DD35B3}.Release|Any CPU.Build.0 = Release|Any CPU
		{615A8204-4501-432E-8B9B-FB40E989D682}.Debug|Any CPU.ActiveCfg = Debug|Any CPU
		{615A8204-4501-432E-8B9B-FB40E989D682}.Debug|Any CPU.Build.0 = Debug|Any CPU
		{615A8204-4501-432E-8B9B-FB40E989D682}.Release|Any CPU.ActiveCfg = Release|Any CPU
		{615A8204-4501-432E-8B9B-FB40E989D682}.Release|Any CPU.Build.0 = Release|Any CPU
		{1FBAF016-9CA4-4725-BF34-9C928BF8DC0F}.Debug|Any CPU.ActiveCfg = Debug|Any CPU
		{1FBAF016-9CA4-4725-BF34-9C928BF8DC0F}.Debug|Any CPU.Build.0 = Debug|Any CPU
		{1FBAF016-9CA4-4725-BF34-9C928BF8DC0F}.Release|Any CPU.ActiveCfg = Release|Any CPU
		{1FBAF016-9CA4-4725-BF34-9C928BF8DC0F}.Release|Any CPU.Build.0 = Release|Any CPU
		{81E74A29-0651-40FD-86AE-B7C04FEB7992}.Debug|Any CPU.ActiveCfg = Debug|Any CPU
		{81E74A29-0651-40FD-86AE-B7C04FEB7992}.Debug|Any CPU.Build.0 = Debug|Any CPU
		{81E74A29-0651-40FD-86AE-B7C04FEB7992}.Release|Any CPU.ActiveCfg = Release|Any CPU
		{81E74A29-0651-40FD-86AE-B7C04FEB7992}.Release|Any CPU.Build.0 = Release|Any CPU
		{60F37119-C818-491A-A413-30AA85DC3ECD}.Debug|Any CPU.ActiveCfg = Debug|Any CPU
		{60F37119-C818-491A-A413-30AA85DC3ECD}.Debug|Any CPU.Build.0 = Debug|Any CPU
		{60F37119-C818-491A-A413-30AA85DC3ECD}.Release|Any CPU.ActiveCfg = Release|Any CPU
		{60F37119-C818-491A-A413-30AA85DC3ECD}.Release|Any CPU.Build.0 = Release|Any CPU
		{A72D885A-0E34-48B0-9FC5-6B75EB3F0478}.Debug|Any CPU.ActiveCfg = Debug|Any CPU
		{A72D885A-0E34-48B0-9FC5-6B75EB3F0478}.Debug|Any CPU.Build.0 = Debug|Any CPU
		{A72D885A-0E34-48B0-9FC5-6B75EB3F0478}.Release|Any CPU.ActiveCfg = Release|Any CPU
		{A72D885A-0E34-48B0-9FC5-6B75EB3F0478}.Release|Any CPU.Build.0 = Release|Any CPU
		{920180D5-6116-4FA2-8519-B9ED7CB3F556}.Debug|Any CPU.ActiveCfg = Debug|Any CPU
		{920180D5-6116-4FA2-8519-B9ED7CB3F556}.Debug|Any CPU.Build.0 = Debug|Any CPU
		{920180D5-6116-4FA2-8519-B9ED7CB3F556}.Release|Any CPU.ActiveCfg = Release|Any CPU
		{920180D5-6116-4FA2-8519-B9ED7CB3F556}.Release|Any CPU.Build.0 = Release|Any CPU
		{C8AAE0C2-3903-45DD-A297-12F37AF72FEC}.Debug|Any CPU.ActiveCfg = Debug|Any CPU
		{C8AAE0C2-3903-45DD-A297-12F37AF72FEC}.Debug|Any CPU.Build.0 = Debug|Any CPU
		{C8AAE0C2-3903-45DD-A297-12F37AF72FEC}.Release|Any CPU.ActiveCfg = Release|Any CPU
		{C8AAE0C2-3903-45DD-A297-12F37AF72FEC}.Release|Any CPU.Build.0 = Release|Any CPU
		{43E715DE-6748-4949-9BA4-D8EF59493C41}.Debug|Any CPU.ActiveCfg = Debug|Any CPU
		{43E715DE-6748-4949-9BA4-D8EF59493C41}.Debug|Any CPU.Build.0 = Debug|Any CPU
		{43E715DE-6748-4949-9BA4-D8EF59493C41}.Release|Any CPU.ActiveCfg = Release|Any CPU
		{43E715DE-6748-4949-9BA4-D8EF59493C41}.Release|Any CPU.Build.0 = Release|Any CPU
		{308D43B7-7982-4BF6-9C2D-E9180FE8C4C9}.Debug|Any CPU.ActiveCfg = Debug|Any CPU
		{308D43B7-7982-4BF6-9C2D-E9180FE8C4C9}.Debug|Any CPU.Build.0 = Debug|Any CPU
		{308D43B7-7982-4BF6-9C2D-E9180FE8C4C9}.Release|Any CPU.ActiveCfg = Release|Any CPU
		{308D43B7-7982-4BF6-9C2D-E9180FE8C4C9}.Release|Any CPU.Build.0 = Release|Any CPU
		{7803CD5B-4039-407F-AB41-656ABC4703B4}.Debug|Any CPU.ActiveCfg = Debug|Any CPU
		{7803CD5B-4039-407F-AB41-656ABC4703B4}.Debug|Any CPU.Build.0 = Debug|Any CPU
		{7803CD5B-4039-407F-AB41-656ABC4703B4}.Release|Any CPU.ActiveCfg = Release|Any CPU
		{7803CD5B-4039-407F-AB41-656ABC4703B4}.Release|Any CPU.Build.0 = Release|Any CPU
		{A84381B3-92A0-4E63-B4AE-B55CCF1EEBB2}.Debug|Any CPU.ActiveCfg = Debug|Any CPU
		{A84381B3-92A0-4E63-B4AE-B55CCF1EEBB2}.Debug|Any CPU.Build.0 = Debug|Any CPU
		{A84381B3-92A0-4E63-B4AE-B55CCF1EEBB2}.Release|Any CPU.ActiveCfg = Release|Any CPU
		{A84381B3-92A0-4E63-B4AE-B55CCF1EEBB2}.Release|Any CPU.Build.0 = Release|Any CPU
		{CCFB5834-4D37-47C5-AC21-09C41FB5F210}.Debug|Any CPU.ActiveCfg = Debug|Any CPU
		{CCFB5834-4D37-47C5-AC21-09C41FB5F210}.Debug|Any CPU.Build.0 = Debug|Any CPU
		{CCFB5834-4D37-47C5-AC21-09C41FB5F210}.Release|Any CPU.ActiveCfg = Release|Any CPU
		{CCFB5834-4D37-47C5-AC21-09C41FB5F210}.Release|Any CPU.Build.0 = Release|Any CPU
		{F6D33DD0-1B47-429D-945D-43495DEB92B1}.Debug|Any CPU.ActiveCfg = Debug|Any CPU
		{F6D33DD0-1B47-429D-945D-43495DEB92B1}.Debug|Any CPU.Build.0 = Debug|Any CPU
		{F6D33DD0-1B47-429D-945D-43495DEB92B1}.Release|Any CPU.ActiveCfg = Release|Any CPU
		{F6D33DD0-1B47-429D-945D-43495DEB92B1}.Release|Any CPU.Build.0 = Release|Any CPU
		{0F33930B-C68D-42EB-B9BB-BC934CC3FFA1}.Debug|Any CPU.ActiveCfg = Debug|Any CPU
		{0F33930B-C68D-42EB-B9BB-BC934CC3FFA1}.Debug|Any CPU.Build.0 = Debug|Any CPU
		{0F33930B-C68D-42EB-B9BB-BC934CC3FFA1}.Release|Any CPU.ActiveCfg = Release|Any CPU
		{0F33930B-C68D-42EB-B9BB-BC934CC3FFA1}.Release|Any CPU.Build.0 = Release|Any CPU
		{4C1A9982-4CF7-4FED-B382-7370ACF05510}.Debug|Any CPU.ActiveCfg = Debug|Any CPU
		{4C1A9982-4CF7-4FED-B382-7370ACF05510}.Debug|Any CPU.Build.0 = Debug|Any CPU
		{4C1A9982-4CF7-4FED-B382-7370ACF05510}.Release|Any CPU.ActiveCfg = Release|Any CPU
		{4C1A9982-4CF7-4FED-B382-7370ACF05510}.Release|Any CPU.Build.0 = Release|Any CPU
		{B7FD25B8-8FC0-4D1C-B353-7D950B51BE8B}.Debug|Any CPU.ActiveCfg = Debug|Any CPU
		{B7FD25B8-8FC0-4D1C-B353-7D950B51BE8B}.Debug|Any CPU.Build.0 = Debug|Any CPU
		{B7FD25B8-8FC0-4D1C-B353-7D950B51BE8B}.Release|Any CPU.ActiveCfg = Release|Any CPU
		{B7FD25B8-8FC0-4D1C-B353-7D950B51BE8B}.Release|Any CPU.Build.0 = Release|Any CPU
		{A6F1262D-A6B5-42EB-BBAC-C16F88C99D3F}.Debug|Any CPU.ActiveCfg = Debug|Any CPU
		{A6F1262D-A6B5-42EB-BBAC-C16F88C99D3F}.Debug|Any CPU.Build.0 = Debug|Any CPU
		{A6F1262D-A6B5-42EB-BBAC-C16F88C99D3F}.Release|Any CPU.ActiveCfg = Release|Any CPU
		{A6F1262D-A6B5-42EB-BBAC-C16F88C99D3F}.Release|Any CPU.Build.0 = Release|Any CPU
		{B51A736D-854C-432A-AC6F-A84646D12650}.Debug|Any CPU.ActiveCfg = Debug|Any CPU
		{B51A736D-854C-432A-AC6F-A84646D12650}.Debug|Any CPU.Build.0 = Debug|Any CPU
		{B51A736D-854C-432A-AC6F-A84646D12650}.Release|Any CPU.ActiveCfg = Release|Any CPU
		{B51A736D-854C-432A-AC6F-A84646D12650}.Release|Any CPU.Build.0 = Release|Any CPU
		{DA4874B6-8040-42EB-9E30-D123AF3CE918}.Debug|Any CPU.ActiveCfg = Debug|Any CPU
		{DA4874B6-8040-42EB-9E30-D123AF3CE918}.Debug|Any CPU.Build.0 = Debug|Any CPU
		{DA4874B6-8040-42EB-9E30-D123AF3CE918}.Release|Any CPU.ActiveCfg = Release|Any CPU
		{DA4874B6-8040-42EB-9E30-D123AF3CE918}.Release|Any CPU.Build.0 = Release|Any CPU
		{42C80FE4-B321-4F45-8BC0-44494B40BD7B}.Debug|Any CPU.ActiveCfg = Debug|Any CPU
		{42C80FE4-B321-4F45-8BC0-44494B40BD7B}.Debug|Any CPU.Build.0 = Debug|Any CPU
		{42C80FE4-B321-4F45-8BC0-44494B40BD7B}.Release|Any CPU.ActiveCfg = Release|Any CPU
		{42C80FE4-B321-4F45-8BC0-44494B40BD7B}.Release|Any CPU.Build.0 = Release|Any CPU
		{4AFCC7CA-2D4E-413B-A16F-12CEAEC7ADEE}.Debug|Any CPU.ActiveCfg = Debug|Any CPU
		{4AFCC7CA-2D4E-413B-A16F-12CEAEC7ADEE}.Debug|Any CPU.Build.0 = Debug|Any CPU
		{4AFCC7CA-2D4E-413B-A16F-12CEAEC7ADEE}.Release|Any CPU.ActiveCfg = Release|Any CPU
		{4AFCC7CA-2D4E-413B-A16F-12CEAEC7ADEE}.Release|Any CPU.Build.0 = Release|Any CPU
		{3A5A0915-CDF6-4B0A-9C66-97014B667D7A}.Debug|Any CPU.ActiveCfg = Debug|Any CPU
		{3A5A0915-CDF6-4B0A-9C66-97014B667D7A}.Debug|Any CPU.Build.0 = Debug|Any CPU
		{3A5A0915-CDF6-4B0A-9C66-97014B667D7A}.Release|Any CPU.ActiveCfg = Release|Any CPU
		{3A5A0915-CDF6-4B0A-9C66-97014B667D7A}.Release|Any CPU.Build.0 = Release|Any CPU
		{31351D08-6BAD-4F3F-ADBF-E2375B98488B}.Debug|Any CPU.ActiveCfg = Debug|Any CPU
		{31351D08-6BAD-4F3F-ADBF-E2375B98488B}.Debug|Any CPU.Build.0 = Debug|Any CPU
		{31351D08-6BAD-4F3F-ADBF-E2375B98488B}.Release|Any CPU.ActiveCfg = Release|Any CPU
		{31351D08-6BAD-4F3F-ADBF-E2375B98488B}.Release|Any CPU.Build.0 = Release|Any CPU
		{BBA8AB74-5D1E-4FA9-8E54-B92D7BC24BF0}.Debug|Any CPU.ActiveCfg = Debug|Any CPU
		{BBA8AB74-5D1E-4FA9-8E54-B92D7BC24BF0}.Debug|Any CPU.Build.0 = Debug|Any CPU
		{BBA8AB74-5D1E-4FA9-8E54-B92D7BC24BF0}.Release|Any CPU.ActiveCfg = Release|Any CPU
		{BBA8AB74-5D1E-4FA9-8E54-B92D7BC24BF0}.Release|Any CPU.Build.0 = Release|Any CPU
		{E2210901-CB22-4CFF-A253-BD9425F4D273}.Debug|Any CPU.ActiveCfg = Debug|Any CPU
		{E2210901-CB22-4CFF-A253-BD9425F4D273}.Debug|Any CPU.Build.0 = Debug|Any CPU
		{E2210901-CB22-4CFF-A253-BD9425F4D273}.Release|Any CPU.ActiveCfg = Release|Any CPU
		{E2210901-CB22-4CFF-A253-BD9425F4D273}.Release|Any CPU.Build.0 = Release|Any CPU
		{CFBD4080-0CB2-461B-842C-022FDF30F7D0}.Debug|Any CPU.ActiveCfg = Debug|Any CPU
		{CFBD4080-0CB2-461B-842C-022FDF30F7D0}.Debug|Any CPU.Build.0 = Debug|Any CPU
		{CFBD4080-0CB2-461B-842C-022FDF30F7D0}.Release|Any CPU.ActiveCfg = Release|Any CPU
		{CFBD4080-0CB2-461B-842C-022FDF30F7D0}.Release|Any CPU.Build.0 = Release|Any CPU
		{06448591-FDE6-41B8-9C8C-D6539EBA25AA}.Debug|Any CPU.ActiveCfg = Debug|Any CPU
		{06448591-FDE6-41B8-9C8C-D6539EBA25AA}.Debug|Any CPU.Build.0 = Debug|Any CPU
		{06448591-FDE6-41B8-9C8C-D6539EBA25AA}.Release|Any CPU.ActiveCfg = Release|Any CPU
		{06448591-FDE6-41B8-9C8C-D6539EBA25AA}.Release|Any CPU.Build.0 = Release|Any CPU
		{0351810F-18D4-4C29-8612-BE496F252FB4}.Debug|Any CPU.ActiveCfg = Debug|Any CPU
		{0351810F-18D4-4C29-8612-BE496F252FB4}.Debug|Any CPU.Build.0 = Debug|Any CPU
		{0351810F-18D4-4C29-8612-BE496F252FB4}.Release|Any CPU.ActiveCfg = Release|Any CPU
		{0351810F-18D4-4C29-8612-BE496F252FB4}.Release|Any CPU.Build.0 = Release|Any CPU
		{D14768E0-67BC-47FA-A39D-923415956C3C}.Debug|Any CPU.ActiveCfg = Debug|Any CPU
		{D14768E0-67BC-47FA-A39D-923415956C3C}.Debug|Any CPU.Build.0 = Debug|Any CPU
		{D14768E0-67BC-47FA-A39D-923415956C3C}.Release|Any CPU.ActiveCfg = Release|Any CPU
		{D14768E0-67BC-47FA-A39D-923415956C3C}.Release|Any CPU.Build.0 = Release|Any CPU
		{8CB696ED-EC83-40D8-9A4A-3DA9B691EC77}.Debug|Any CPU.ActiveCfg = Debug|Any CPU
		{8CB696ED-EC83-40D8-9A4A-3DA9B691EC77}.Debug|Any CPU.Build.0 = Debug|Any CPU
		{8CB696ED-EC83-40D8-9A4A-3DA9B691EC77}.Release|Any CPU.ActiveCfg = Release|Any CPU
		{8CB696ED-EC83-40D8-9A4A-3DA9B691EC77}.Release|Any CPU.Build.0 = Release|Any CPU
		{5032AC12-2525-4398-9381-38632556B57D}.Debug|Any CPU.ActiveCfg = Debug|Any CPU
		{5032AC12-2525-4398-9381-38632556B57D}.Debug|Any CPU.Build.0 = Debug|Any CPU
		{5032AC12-2525-4398-9381-38632556B57D}.Release|Any CPU.ActiveCfg = Release|Any CPU
		{5032AC12-2525-4398-9381-38632556B57D}.Release|Any CPU.Build.0 = Release|Any CPU
		{2AEFDCCF-E9F7-48AA-A13C-FAE3AFAF7682}.Debug|Any CPU.ActiveCfg = Debug|Any CPU
		{2AEFDCCF-E9F7-48AA-A13C-FAE3AFAF7682}.Debug|Any CPU.Build.0 = Debug|Any CPU
		{2AEFDCCF-E9F7-48AA-A13C-FAE3AFAF7682}.Release|Any CPU.ActiveCfg = Release|Any CPU
		{2AEFDCCF-E9F7-48AA-A13C-FAE3AFAF7682}.Release|Any CPU.Build.0 = Release|Any CPU
		{4B412600-6E43-45D5-A450-0CC855F59CBD}.Debug|Any CPU.ActiveCfg = Debug|Any CPU
		{4B412600-6E43-45D5-A450-0CC855F59CBD}.Debug|Any CPU.Build.0 = Debug|Any CPU
		{4B412600-6E43-45D5-A450-0CC855F59CBD}.Release|Any CPU.ActiveCfg = Release|Any CPU
		{4B412600-6E43-45D5-A450-0CC855F59CBD}.Release|Any CPU.Build.0 = Release|Any CPU
		{3EBB282D-6AC1-4BE3-987B-96AE95046C71}.Debug|Any CPU.ActiveCfg = Debug|Any CPU
		{3EBB282D-6AC1-4BE3-987B-96AE95046C71}.Debug|Any CPU.Build.0 = Debug|Any CPU
		{3EBB282D-6AC1-4BE3-987B-96AE95046C71}.Release|Any CPU.ActiveCfg = Release|Any CPU
		{3EBB282D-6AC1-4BE3-987B-96AE95046C71}.Release|Any CPU.Build.0 = Release|Any CPU
		{661FCCBE-499D-4721-B9D9-C2A3AF08BAFB}.Debug|Any CPU.ActiveCfg = Debug|Any CPU
		{661FCCBE-499D-4721-B9D9-C2A3AF08BAFB}.Debug|Any CPU.Build.0 = Debug|Any CPU
		{661FCCBE-499D-4721-B9D9-C2A3AF08BAFB}.Release|Any CPU.ActiveCfg = Release|Any CPU
		{661FCCBE-499D-4721-B9D9-C2A3AF08BAFB}.Release|Any CPU.Build.0 = Release|Any CPU
		{632CF941-363D-4918-804B-C18DE667E867}.Debug|Any CPU.ActiveCfg = Debug|Any CPU
		{632CF941-363D-4918-804B-C18DE667E867}.Debug|Any CPU.Build.0 = Debug|Any CPU
		{632CF941-363D-4918-804B-C18DE667E867}.Release|Any CPU.ActiveCfg = Release|Any CPU
		{632CF941-363D-4918-804B-C18DE667E867}.Release|Any CPU.Build.0 = Release|Any CPU
		{486CF19C-97B4-4FE3-A522-A072172C600C}.Debug|Any CPU.ActiveCfg = Debug|Any CPU
		{486CF19C-97B4-4FE3-A522-A072172C600C}.Debug|Any CPU.Build.0 = Debug|Any CPU
		{486CF19C-97B4-4FE3-A522-A072172C600C}.Release|Any CPU.ActiveCfg = Release|Any CPU
		{486CF19C-97B4-4FE3-A522-A072172C600C}.Release|Any CPU.Build.0 = Release|Any CPU
		{1B8E0A7F-FB39-406D-9341-4A023744A46E}.Debug|Any CPU.ActiveCfg = Debug|Any CPU
		{1B8E0A7F-FB39-406D-9341-4A023744A46E}.Debug|Any CPU.Build.0 = Debug|Any CPU
		{1B8E0A7F-FB39-406D-9341-4A023744A46E}.Release|Any CPU.ActiveCfg = Release|Any CPU
		{1B8E0A7F-FB39-406D-9341-4A023744A46E}.Release|Any CPU.Build.0 = Release|Any CPU
		{E72C741F-FEC6-4D58-A634-0E261A9E16A6}.Debug|Any CPU.ActiveCfg = Debug|Any CPU
		{E72C741F-FEC6-4D58-A634-0E261A9E16A6}.Debug|Any CPU.Build.0 = Debug|Any CPU
		{E72C741F-FEC6-4D58-A634-0E261A9E16A6}.Release|Any CPU.ActiveCfg = Release|Any CPU
		{E72C741F-FEC6-4D58-A634-0E261A9E16A6}.Release|Any CPU.Build.0 = Release|Any CPU
		{221F84A4-70AD-4162-A455-B4176915022E}.Debug|Any CPU.ActiveCfg = Debug|Any CPU
		{221F84A4-70AD-4162-A455-B4176915022E}.Debug|Any CPU.Build.0 = Debug|Any CPU
		{221F84A4-70AD-4162-A455-B4176915022E}.Release|Any CPU.ActiveCfg = Release|Any CPU
		{221F84A4-70AD-4162-A455-B4176915022E}.Release|Any CPU.Build.0 = Release|Any CPU
		{4874E300-0706-4D16-A56D-2002F547DA15}.Debug|Any CPU.ActiveCfg = Debug|Any CPU
		{4874E300-0706-4D16-A56D-2002F547DA15}.Debug|Any CPU.Build.0 = Debug|Any CPU
		{4874E300-0706-4D16-A56D-2002F547DA15}.Release|Any CPU.ActiveCfg = Release|Any CPU
		{4874E300-0706-4D16-A56D-2002F547DA15}.Release|Any CPU.Build.0 = Release|Any CPU
	EndGlobalSection
	GlobalSection(SolutionProperties) = preSolution
		HideSolutionNode = FALSE
	EndGlobalSection
EndGlobal
